// !$*UTF8*$!
{
	archiveVersion = 1;
	classes = {
	};
	objectVersion = 55;
	objects = {

/* Begin PBXBuildFile section */
		C0D5CCE627A17A45001A82E8 /* CITestingApp.swift in Sources */ = {isa = PBXBuildFile; fileRef = C0D5CCE527A17A45001A82E8 /* CITestingApp.swift */; };
		C0D5CCE827A17A45001A82E8 /* ContentView.swift in Sources */ = {isa = PBXBuildFile; fileRef = C0D5CCE727A17A45001A82E8 /* ContentView.swift */; };
		C0D5CCEA27A17A47001A82E8 /* Assets.xcassets in Resources */ = {isa = PBXBuildFile; fileRef = C0D5CCE927A17A47001A82E8 /* Assets.xcassets */; };
		C0D5CCED27A17A47001A82E8 /* Preview Assets.xcassets in Resources */ = {isa = PBXBuildFile; fileRef = C0D5CCEC27A17A47001A82E8 /* Preview Assets.xcassets */; };
		C0D5CCF727A17A47001A82E8 /* CITestingTests.swift in Sources */ = {isa = PBXBuildFile; fileRef = C0D5CCF627A17A47001A82E8 /* CITestingTests.swift */; };
		C0D5CD0127A17A47001A82E8 /* CITestingUITests.swift in Sources */ = {isa = PBXBuildFile; fileRef = C0D5CD0027A17A47001A82E8 /* CITestingUITests.swift */; };
		C0D5CD0327A17A47001A82E8 /* CITestingUITestsLaunchTests.swift in Sources */ = {isa = PBXBuildFile; fileRef = C0D5CD0227A17A47001A82E8 /* CITestingUITestsLaunchTests.swift */; };
/* End PBXBuildFile section */

/* Begin PBXContainerItemProxy section */
		C0D5CCF327A17A47001A82E8 /* PBXContainerItemProxy */ = {
			isa = PBXContainerItemProxy;
			containerPortal = C0D5CCDA27A17A45001A82E8 /* Project object */;
			proxyType = 1;
			remoteGlobalIDString = C0D5CCE127A17A45001A82E8;
			remoteInfo = CITesting;
		};
		C0D5CCFD27A17A47001A82E8 /* PBXContainerItemProxy */ = {
			isa = PBXContainerItemProxy;
			containerPortal = C0D5CCDA27A17A45001A82E8 /* Project object */;
			proxyType = 1;
			remoteGlobalIDString = C0D5CCE127A17A45001A82E8;
			remoteInfo = CITesting;
		};
/* End PBXContainerItemProxy section */

/* Begin PBXFileReference section */
		C0D5CCE227A17A45001A82E8 /* CITesting.app */ = {isa = PBXFileReference; explicitFileType = wrapper.application; includeInIndex = 0; path = CITesting.app; sourceTree = BUILT_PRODUCTS_DIR; };
		C0D5CCE527A17A45001A82E8 /* CITestingApp.swift */ = {isa = PBXFileReference; lastKnownFileType = sourcecode.swift; path = CITestingApp.swift; sourceTree = "<group>"; };
		C0D5CCE727A17A45001A82E8 /* ContentView.swift */ = {isa = PBXFileReference; lastKnownFileType = sourcecode.swift; path = ContentView.swift; sourceTree = "<group>"; };
		C0D5CCE927A17A47001A82E8 /* Assets.xcassets */ = {isa = PBXFileReference; lastKnownFileType = folder.assetcatalog; path = Assets.xcassets; sourceTree = "<group>"; };
		C0D5CCEC27A17A47001A82E8 /* Preview Assets.xcassets */ = {isa = PBXFileReference; lastKnownFileType = folder.assetcatalog; path = "Preview Assets.xcassets"; sourceTree = "<group>"; };
		C0D5CCF227A17A47001A82E8 /* CITestingTests.xctest */ = {isa = PBXFileReference; explicitFileType = wrapper.cfbundle; includeInIndex = 0; path = CITestingTests.xctest; sourceTree = BUILT_PRODUCTS_DIR; };
		C0D5CCF627A17A47001A82E8 /* CITestingTests.swift */ = {isa = PBXFileReference; lastKnownFileType = sourcecode.swift; path = CITestingTests.swift; sourceTree = "<group>"; };
		C0D5CCFC27A17A47001A82E8 /* CITestingUITests.xctest */ = {isa = PBXFileReference; explicitFileType = wrapper.cfbundle; includeInIndex = 0; path = CITestingUITests.xctest; sourceTree = BUILT_PRODUCTS_DIR; };
		C0D5CD0027A17A47001A82E8 /* CITestingUITests.swift */ = {isa = PBXFileReference; lastKnownFileType = sourcecode.swift; path = CITestingUITests.swift; sourceTree = "<group>"; };
		C0D5CD0227A17A47001A82E8 /* CITestingUITestsLaunchTests.swift */ = {isa = PBXFileReference; lastKnownFileType = sourcecode.swift; path = CITestingUITestsLaunchTests.swift; sourceTree = "<group>"; };
/* End PBXFileReference section */

/* Begin PBXFrameworksBuildPhase section */
		C0D5CCDF27A17A45001A82E8 /* Frameworks */ = {
			isa = PBXFrameworksBuildPhase;
			buildActionMask = 2147483647;
			files = (
			);
			runOnlyForDeploymentPostprocessing = 0;
		};
		C0D5CCEF27A17A47001A82E8 /* Frameworks */ = {
			isa = PBXFrameworksBuildPhase;
			buildActionMask = 2147483647;
			files = (
			);
			runOnlyForDeploymentPostprocessing = 0;
		};
		C0D5CCF927A17A47001A82E8 /* Frameworks */ = {
			isa = PBXFrameworksBuildPhase;
			buildActionMask = 2147483647;
			files = (
			);
			runOnlyForDeploymentPostprocessing = 0;
		};
/* End PBXFrameworksBuildPhase section */

/* Begin PBXGroup section */
		C0D5CCD927A17A45001A82E8 = {
			isa = PBXGroup;
			children = (
				C0D5CCE427A17A45001A82E8 /* CITesting */,
				C0D5CCF527A17A47001A82E8 /* CITestingTests */,
				C0D5CCFF27A17A47001A82E8 /* CITestingUITests */,
				C0D5CCE327A17A45001A82E8 /* Products */,
			);
			sourceTree = "<group>";
		};
		C0D5CCE327A17A45001A82E8 /* Products */ = {
			isa = PBXGroup;
			children = (
				C0D5CCE227A17A45001A82E8 /* CITesting.app */,
				C0D5CCF227A17A47001A82E8 /* CITestingTests.xctest */,
				C0D5CCFC27A17A47001A82E8 /* CITestingUITests.xctest */,
			);
			name = Products;
			sourceTree = "<group>";
		};
		C0D5CCE427A17A45001A82E8 /* CITesting */ = {
			isa = PBXGroup;
			children = (
				C0D5CCE527A17A45001A82E8 /* CITestingApp.swift */,
				C0D5CCE727A17A45001A82E8 /* ContentView.swift */,
				C0D5CCE927A17A47001A82E8 /* Assets.xcassets */,
				C0D5CCEB27A17A47001A82E8 /* Preview Content */,
			);
			path = CITesting;
			sourceTree = "<group>";
		};
		C0D5CCEB27A17A47001A82E8 /* Preview Content */ = {
			isa = PBXGroup;
			children = (
				C0D5CCEC27A17A47001A82E8 /* Preview Assets.xcassets */,
			);
			path = "Preview Content";
			sourceTree = "<group>";
		};
		C0D5CCF527A17A47001A82E8 /* CITestingTests */ = {
			isa = PBXGroup;
			children = (
				C0D5CCF627A17A47001A82E8 /* CITestingTests.swift */,
			);
			path = CITestingTests;
			sourceTree = "<group>";
		};
		C0D5CCFF27A17A47001A82E8 /* CITestingUITests */ = {
			isa = PBXGroup;
			children = (
				C0D5CD0027A17A47001A82E8 /* CITestingUITests.swift */,
				C0D5CD0227A17A47001A82E8 /* CITestingUITestsLaunchTests.swift */,
			);
			path = CITestingUITests;
			sourceTree = "<group>";
		};
/* End PBXGroup section */

/* Begin PBXNativeTarget section */
		C0D5CCE127A17A45001A82E8 /* CITesting */ = {
			isa = PBXNativeTarget;
			buildConfigurationList = C0D5CD0627A17A47001A82E8 /* Build configuration list for PBXNativeTarget "CITesting" */;
			buildPhases = (
				C0D5CCDE27A17A45001A82E8 /* Sources */,
				C0D5CCDF27A17A45001A82E8 /* Frameworks */,
				C0D5CCE027A17A45001A82E8 /* Resources */,
			);
			buildRules = (
			);
			dependencies = (
			);
			name = CITesting;
			productName = CITesting;
			productReference = C0D5CCE227A17A45001A82E8 /* CITesting.app */;
			productType = "com.apple.product-type.application";
		};
		C0D5CCF127A17A47001A82E8 /* CITestingTests */ = {
			isa = PBXNativeTarget;
			buildConfigurationList = C0D5CD0927A17A47001A82E8 /* Build configuration list for PBXNativeTarget "CITestingTests" */;
			buildPhases = (
				C0D5CCEE27A17A47001A82E8 /* Sources */,
				C0D5CCEF27A17A47001A82E8 /* Frameworks */,
				C0D5CCF027A17A47001A82E8 /* Resources */,
			);
			buildRules = (
			);
			dependencies = (
				C0D5CCF427A17A47001A82E8 /* PBXTargetDependency */,
			);
			name = CITestingTests;
			productName = CITestingTests;
			productReference = C0D5CCF227A17A47001A82E8 /* CITestingTests.xctest */;
			productType = "com.apple.product-type.bundle.unit-test";
		};
		C0D5CCFB27A17A47001A82E8 /* CITestingUITests */ = {
			isa = PBXNativeTarget;
			buildConfigurationList = C0D5CD0C27A17A47001A82E8 /* Build configuration list for PBXNativeTarget "CITestingUITests" */;
			buildPhases = (
				C0D5CCF827A17A47001A82E8 /* Sources */,
				C0D5CCF927A17A47001A82E8 /* Frameworks */,
				C0D5CCFA27A17A47001A82E8 /* Resources */,
			);
			buildRules = (
			);
			dependencies = (
				C0D5CCFE27A17A47001A82E8 /* PBXTargetDependency */,
			);
			name = CITestingUITests;
			productName = CITestingUITests;
			productReference = C0D5CCFC27A17A47001A82E8 /* CITestingUITests.xctest */;
			productType = "com.apple.product-type.bundle.ui-testing";
		};
/* End PBXNativeTarget section */

/* Begin PBXProject section */
		C0D5CCDA27A17A45001A82E8 /* Project object */ = {
			isa = PBXProject;
			attributes = {
				BuildIndependentTargetsInParallel = 1;
				LastSwiftUpdateCheck = 1320;
				LastUpgradeCheck = 1320;
				TargetAttributes = {
					C0D5CCE127A17A45001A82E8 = {
						CreatedOnToolsVersion = 13.2.1;
					};
					C0D5CCF127A17A47001A82E8 = {
						CreatedOnToolsVersion = 13.2.1;
						TestTargetID = C0D5CCE127A17A45001A82E8;
					};
					C0D5CCFB27A17A47001A82E8 = {
						CreatedOnToolsVersion = 13.2.1;
						TestTargetID = C0D5CCE127A17A45001A82E8;
					};
				};
			};
			buildConfigurationList = C0D5CCDD27A17A45001A82E8 /* Build configuration list for PBXProject "CITesting" */;
			compatibilityVersion = "Xcode 13.0";
			developmentRegion = en;
			hasScannedForEncodings = 0;
			knownRegions = (
				en,
				Base,
			);
			mainGroup = C0D5CCD927A17A45001A82E8;
			productRefGroup = C0D5CCE327A17A45001A82E8 /* Products */;
			projectDirPath = "";
			projectRoot = "";
			targets = (
				C0D5CCE127A17A45001A82E8 /* CITesting */,
				C0D5CCF127A17A47001A82E8 /* CITestingTests */,
				C0D5CCFB27A17A47001A82E8 /* CITestingUITests */,
			);
		};
/* End PBXProject section */

/* Begin PBXResourcesBuildPhase section */
		C0D5CCE027A17A45001A82E8 /* Resources */ = {
			isa = PBXResourcesBuildPhase;
			buildActionMask = 2147483647;
			files = (
				C0D5CCED27A17A47001A82E8 /* Preview Assets.xcassets in Resources */,
				C0D5CCEA27A17A47001A82E8 /* Assets.xcassets in Resources */,
			);
			runOnlyForDeploymentPostprocessing = 0;
		};
		C0D5CCF027A17A47001A82E8 /* Resources */ = {
			isa = PBXResourcesBuildPhase;
			buildActionMask = 2147483647;
			files = (
			);
			runOnlyForDeploymentPostprocessing = 0;
		};
		C0D5CCFA27A17A47001A82E8 /* Resources */ = {
			isa = PBXResourcesBuildPhase;
			buildActionMask = 2147483647;
			files = (
			);
			runOnlyForDeploymentPostprocessing = 0;
		};
/* End PBXResourcesBuildPhase section */

/* Begin PBXSourcesBuildPhase section */
		C0D5CCDE27A17A45001A82E8 /* Sources */ = {
			isa = PBXSourcesBuildPhase;
			buildActionMask = 2147483647;
			files = (
				C0D5CCE827A17A45001A82E8 /* ContentView.swift in Sources */,
				C0D5CCE627A17A45001A82E8 /* CITestingApp.swift in Sources */,
			);
			runOnlyForDeploymentPostprocessing = 0;
		};
		C0D5CCEE27A17A47001A82E8 /* Sources */ = {
			isa = PBXSourcesBuildPhase;
			buildActionMask = 2147483647;
			files = (
				C0D5CCF727A17A47001A82E8 /* CITestingTests.swift in Sources */,
			);
			runOnlyForDeploymentPostprocessing = 0;
		};
		C0D5CCF827A17A47001A82E8 /* Sources */ = {
			isa = PBXSourcesBuildPhase;
			buildActionMask = 2147483647;
			files = (
				C0D5CD0127A17A47001A82E8 /* CITestingUITests.swift in Sources */,
				C0D5CD0327A17A47001A82E8 /* CITestingUITestsLaunchTests.swift in Sources */,
			);
			runOnlyForDeploymentPostprocessing = 0;
		};
/* End PBXSourcesBuildPhase section */

/* Begin PBXTargetDependency section */
		C0D5CCF427A17A47001A82E8 /* PBXTargetDependency */ = {
			isa = PBXTargetDependency;
			target = C0D5CCE127A17A45001A82E8 /* CITesting */;
			targetProxy = C0D5CCF327A17A47001A82E8 /* PBXContainerItemProxy */;
		};
		C0D5CCFE27A17A47001A82E8 /* PBXTargetDependency */ = {
			isa = PBXTargetDependency;
			target = C0D5CCE127A17A45001A82E8 /* CITesting */;
			targetProxy = C0D5CCFD27A17A47001A82E8 /* PBXContainerItemProxy */;
		};
/* End PBXTargetDependency section */

/* Begin XCBuildConfiguration section */
		C0D5CD0427A17A47001A82E8 /* Debug */ = {
			isa = XCBuildConfiguration;
			buildSettings = {
				ALWAYS_SEARCH_USER_PATHS = NO;
				CLANG_ANALYZER_NONNULL = YES;
				CLANG_ANALYZER_NUMBER_OBJECT_CONVERSION = YES_AGGRESSIVE;
				CLANG_CXX_LANGUAGE_STANDARD = "gnu++17";
				CLANG_CXX_LIBRARY = "libc++";
				CLANG_ENABLE_MODULES = YES;
				CLANG_ENABLE_OBJC_ARC = YES;
				CLANG_ENABLE_OBJC_WEAK = YES;
				CLANG_WARN_BLOCK_CAPTURE_AUTORELEASING = YES;
				CLANG_WARN_BOOL_CONVERSION = YES;
				CLANG_WARN_COMMA = YES;
				CLANG_WARN_CONSTANT_CONVERSION = YES;
				CLANG_WARN_DEPRECATED_OBJC_IMPLEMENTATIONS = YES;
				CLANG_WARN_DIRECT_OBJC_ISA_USAGE = YES_ERROR;
				CLANG_WARN_DOCUMENTATION_COMMENTS = YES;
				CLANG_WARN_EMPTY_BODY = YES;
				CLANG_WARN_ENUM_CONVERSION = YES;
				CLANG_WARN_INFINITE_RECURSION = YES;
				CLANG_WARN_INT_CONVERSION = YES;
				CLANG_WARN_NON_LITERAL_NULL_CONVERSION = YES;
				CLANG_WARN_OBJC_IMPLICIT_RETAIN_SELF = YES;
				CLANG_WARN_OBJC_LITERAL_CONVERSION = YES;
				CLANG_WARN_OBJC_ROOT_CLASS = YES_ERROR;
				CLANG_WARN_QUOTED_INCLUDE_IN_FRAMEWORK_HEADER = YES;
				CLANG_WARN_RANGE_LOOP_ANALYSIS = YES;
				CLANG_WARN_STRICT_PROTOTYPES = YES;
				CLANG_WARN_SUSPICIOUS_MOVE = YES;
				CLANG_WARN_UNGUARDED_AVAILABILITY = YES_AGGRESSIVE;
				CLANG_WARN_UNREACHABLE_CODE = YES;
				CLANG_WARN__DUPLICATE_METHOD_MATCH = YES;
				COPY_PHASE_STRIP = NO;
				DEBUG_INFORMATION_FORMAT = dwarf;
				ENABLE_STRICT_OBJC_MSGSEND = YES;
				ENABLE_TESTABILITY = YES;
				GCC_C_LANGUAGE_STANDARD = gnu11;
				GCC_DYNAMIC_NO_PIC = NO;
				GCC_NO_COMMON_BLOCKS = YES;
				GCC_OPTIMIZATION_LEVEL = 0;
				GCC_PREPROCESSOR_DEFINITIONS = (
					"DEBUG=1",
					"$(inherited)",
				);
				GCC_WARN_64_TO_32_BIT_CONVERSION = YES;
				GCC_WARN_ABOUT_RETURN_TYPE = YES_ERROR;
				GCC_WARN_UNDECLARED_SELECTOR = YES;
				GCC_WARN_UNINITIALIZED_AUTOS = YES_AGGRESSIVE;
				GCC_WARN_UNUSED_FUNCTION = YES;
				GCC_WARN_UNUSED_VARIABLE = YES;
				IPHONEOS_DEPLOYMENT_TARGET = 15.2;
				MTL_ENABLE_DEBUG_INFO = INCLUDE_SOURCE;
				MTL_FAST_MATH = YES;
				ONLY_ACTIVE_ARCH = YES;
				SDKROOT = iphoneos;
				SWIFT_ACTIVE_COMPILATION_CONDITIONS = DEBUG;
				SWIFT_OPTIMIZATION_LEVEL = "-Onone";
			};
			name = Debug;
		};
		C0D5CD0527A17A47001A82E8 /* Release */ = {
			isa = XCBuildConfiguration;
			buildSettings = {
				ALWAYS_SEARCH_USER_PATHS = NO;
				CLANG_ANALYZER_NONNULL = YES;
				CLANG_ANALYZER_NUMBER_OBJECT_CONVERSION = YES_AGGRESSIVE;
				CLANG_CXX_LANGUAGE_STANDARD = "gnu++17";
				CLANG_CXX_LIBRARY = "libc++";
				CLANG_ENABLE_MODULES = YES;
				CLANG_ENABLE_OBJC_ARC = YES;
				CLANG_ENABLE_OBJC_WEAK = YES;
				CLANG_WARN_BLOCK_CAPTURE_AUTORELEASING = YES;
				CLANG_WARN_BOOL_CONVERSION = YES;
				CLANG_WARN_COMMA = YES;
				CLANG_WARN_CONSTANT_CONVERSION = YES;
				CLANG_WARN_DEPRECATED_OBJC_IMPLEMENTATIONS = YES;
				CLANG_WARN_DIRECT_OBJC_ISA_USAGE = YES_ERROR;
				CLANG_WARN_DOCUMENTATION_COMMENTS = YES;
				CLANG_WARN_EMPTY_BODY = YES;
				CLANG_WARN_ENUM_CONVERSION = YES;
				CLANG_WARN_INFINITE_RECURSION = YES;
				CLANG_WARN_INT_CONVERSION = YES;
				CLANG_WARN_NON_LITERAL_NULL_CONVERSION = YES;
				CLANG_WARN_OBJC_IMPLICIT_RETAIN_SELF = YES;
				CLANG_WARN_OBJC_LITERAL_CONVERSION = YES;
				CLANG_WARN_OBJC_ROOT_CLASS = YES_ERROR;
				CLANG_WARN_QUOTED_INCLUDE_IN_FRAMEWORK_HEADER = YES;
				CLANG_WARN_RANGE_LOOP_ANALYSIS = YES;
				CLANG_WARN_STRICT_PROTOTYPES = YES;
				CLANG_WARN_SUSPICIOUS_MOVE = YES;
				CLANG_WARN_UNGUARDED_AVAILABILITY = YES_AGGRESSIVE;
				CLANG_WARN_UNREACHABLE_CODE = YES;
				CLANG_WARN__DUPLICATE_METHOD_MATCH = YES;
				COPY_PHASE_STRIP = NO;
				DEBUG_INFORMATION_FORMAT = "dwarf-with-dsym";
				ENABLE_NS_ASSERTIONS = NO;
				ENABLE_STRICT_OBJC_MSGSEND = YES;
				GCC_C_LANGUAGE_STANDARD = gnu11;
				GCC_NO_COMMON_BLOCKS = YES;
				GCC_WARN_64_TO_32_BIT_CONVERSION = YES;
				GCC_WARN_ABOUT_RETURN_TYPE = YES_ERROR;
				GCC_WARN_UNDECLARED_SELECTOR = YES;
				GCC_WARN_UNINITIALIZED_AUTOS = YES_AGGRESSIVE;
				GCC_WARN_UNUSED_FUNCTION = YES;
				GCC_WARN_UNUSED_VARIABLE = YES;
				IPHONEOS_DEPLOYMENT_TARGET = 15.2;
				MTL_ENABLE_DEBUG_INFO = NO;
				MTL_FAST_MATH = YES;
				SDKROOT = iphoneos;
				SWIFT_COMPILATION_MODE = wholemodule;
				SWIFT_OPTIMIZATION_LEVEL = "-O";
				VALIDATE_PRODUCT = YES;
			};
			name = Release;
		};
		C0D5CD0727A17A47001A82E8 /* Debug */ = {
			isa = XCBuildConfiguration;
			buildSettings = {
				ASSETCATALOG_COMPILER_APPICON_NAME = AppIcon;
				ASSETCATALOG_COMPILER_GLOBAL_ACCENT_COLOR_NAME = AccentColor;
				CODE_SIGN_STYLE = Automatic;
				CURRENT_PROJECT_VERSION = 1;
				DEVELOPMENT_ASSET_PATHS = "\"CITesting/Preview Content\"";
				DEVELOPMENT_TEAM = CCPKM6488Q;
				ENABLE_PREVIEWS = YES;
				GENERATE_INFOPLIST_FILE = YES;
				INFOPLIST_KEY_UIApplicationSceneManifest_Generation = YES;
				INFOPLIST_KEY_UIApplicationSupportsIndirectInputEvents = YES;
				INFOPLIST_KEY_UILaunchScreen_Generation = YES;
				INFOPLIST_KEY_UISupportedInterfaceOrientations_iPad = "UIInterfaceOrientationPortrait UIInterfaceOrientationPortraitUpsideDown UIInterfaceOrientationLandscapeLeft UIInterfaceOrientationLandscapeRight";
				INFOPLIST_KEY_UISupportedInterfaceOrientations_iPhone = "UIInterfaceOrientationPortrait UIInterfaceOrientationLandscapeLeft UIInterfaceOrientationLandscapeRight";
				LD_RUNPATH_SEARCH_PATHS = (
					"$(inherited)",
					"@executable_path/Frameworks",
				);
				MARKETING_VERSION = 1.0;
				PRODUCT_BUNDLE_IDENTIFIER = com.valora.CITesting;
				PRODUCT_NAME = "$(TARGET_NAME)";
				SWIFT_EMIT_LOC_STRINGS = YES;
				SWIFT_VERSION = 5.0;
				TARGETED_DEVICE_FAMILY = "1,2";
			};
			name = Debug;
		};
		C0D5CD0827A17A47001A82E8 /* Release */ = {
			isa = XCBuildConfiguration;
			buildSettings = {
				ASSETCATALOG_COMPILER_APPICON_NAME = AppIcon;
				ASSETCATALOG_COMPILER_GLOBAL_ACCENT_COLOR_NAME = AccentColor;
				CODE_SIGN_STYLE = Automatic;
				CURRENT_PROJECT_VERSION = 1;
				DEVELOPMENT_ASSET_PATHS = "\"CITesting/Preview Content\"";
				DEVELOPMENT_TEAM = CCPKM6488Q;
				ENABLE_PREVIEWS = YES;
				GENERATE_INFOPLIST_FILE = YES;
				INFOPLIST_KEY_UIApplicationSceneManifest_Generation = YES;
				INFOPLIST_KEY_UIApplicationSupportsIndirectInputEvents = YES;
				INFOPLIST_KEY_UILaunchScreen_Generation = YES;
				INFOPLIST_KEY_UISupportedInterfaceOrientations_iPad = "UIInterfaceOrientationPortrait UIInterfaceOrientationPortraitUpsideDown UIInterfaceOrientationLandscapeLeft UIInterfaceOrientationLandscapeRight";
				INFOPLIST_KEY_UISupportedInterfaceOrientations_iPhone = "UIInterfaceOrientationPortrait UIInterfaceOrientationLandscapeLeft UIInterfaceOrientationLandscapeRight";
				LD_RUNPATH_SEARCH_PATHS = (
					"$(inherited)",
					"@executable_path/Frameworks",
				);
				MARKETING_VERSION = 1.0;
				PRODUCT_BUNDLE_IDENTIFIER = com.valora.CITesting;
				PRODUCT_NAME = "$(TARGET_NAME)";
				SWIFT_EMIT_LOC_STRINGS = YES;
				SWIFT_VERSION = 5.0;
				TARGETED_DEVICE_FAMILY = "1,2";
			};
			name = Release;
		};
		C0D5CD0A27A17A47001A82E8 /* Debug */ = {
			isa = XCBuildConfiguration;
			buildSettings = {
				ALWAYS_EMBED_SWIFT_STANDARD_LIBRARIES = YES;
				BUNDLE_LOADER = "$(TEST_HOST)";
				CODE_SIGN_STYLE = Automatic;
				CURRENT_PROJECT_VERSION = 1;
				DEVELOPMENT_TEAM = CCPKM6488Q;
				GENERATE_INFOPLIST_FILE = YES;
				IPHONEOS_DEPLOYMENT_TARGET = 15.2;
				MARKETING_VERSION = 1.0;
				PRODUCT_BUNDLE_IDENTIFIER = com.valora.CITestingTests;
				PRODUCT_NAME = "$(TARGET_NAME)";
				SWIFT_EMIT_LOC_STRINGS = NO;
				SWIFT_VERSION = 5.0;
				TARGETED_DEVICE_FAMILY = "1,2";
				TEST_HOST = "$(BUILT_PRODUCTS_DIR)/CITesting.app/CITesting";
			};
			name = Debug;
		};
		C0D5CD0B27A17A47001A82E8 /* Release */ = {
			isa = XCBuildConfiguration;
			buildSettings = {
				ALWAYS_EMBED_SWIFT_STANDARD_LIBRARIES = YES;
				BUNDLE_LOADER = "$(TEST_HOST)";
				CODE_SIGN_STYLE = Automatic;
				CURRENT_PROJECT_VERSION = 1;
				DEVELOPMENT_TEAM = CCPKM6488Q;
				GENERATE_INFOPLIST_FILE = YES;
				IPHONEOS_DEPLOYMENT_TARGET = 15.2;
				MARKETING_VERSION = 1.0;
				PRODUCT_BUNDLE_IDENTIFIER = com.valora.CITestingTests;
				PRODUCT_NAME = "$(TARGET_NAME)";
				SWIFT_EMIT_LOC_STRINGS = NO;
				SWIFT_VERSION = 5.0;
				TARGETED_DEVICE_FAMILY = "1,2";
				TEST_HOST = "$(BUILT_PRODUCTS_DIR)/CITesting.app/CITesting";
			};
			name = Release;
		};
		C0D5CD0D27A17A47001A82E8 /* Debug */ = {
			isa = XCBuildConfiguration;
			buildSettings = {
				ALWAYS_EMBED_SWIFT_STANDARD_LIBRARIES = YES;
				CODE_SIGN_STYLE = Automatic;
				CURRENT_PROJECT_VERSION = 1;
				DEVELOPMENT_TEAM = CCPKM6488Q;
				GENERATE_INFOPLIST_FILE = YES;
				MARKETING_VERSION = 1.0;
				PRODUCT_BUNDLE_IDENTIFIER = com.valora.CITestingUITests;
				PRODUCT_NAME = "$(TARGET_NAME)";
				SWIFT_EMIT_LOC_STRINGS = NO;
				SWIFT_VERSION = 5.0;
				TARGETED_DEVICE_FAMILY = "1,2";
				TEST_TARGET_NAME = CITesting;
			};
			name = Debug;
		};
		C0D5CD0E27A17A47001A82E8 /* Release */ = {
			isa = XCBuildConfiguration;
			buildSettings = {
				ALWAYS_EMBED_SWIFT_STANDARD_LIBRARIES = YES;
				CODE_SIGN_STYLE = Automatic;
				CURRENT_PROJECT_VERSION = 1;
				DEVELOPMENT_TEAM = CCPKM6488Q;
				GENERATE_INFOPLIST_FILE = YES;
				MARKETING_VERSION = 1.0;
				PRODUCT_BUNDLE_IDENTIFIER = com.valora.CITestingUITests;
				PRODUCT_NAME = "$(TARGET_NAME)";
				SWIFT_EMIT_LOC_STRINGS = NO;
				SWIFT_VERSION = 5.0;
				TARGETED_DEVICE_FAMILY = "1,2";
				TEST_TARGET_NAME = CITesting;
			};
			name = Release;
		};
/* End XCBuildConfiguration section */

/* Begin XCConfigurationList section */
		C0D5CCDD27A17A45001A82E8 /* Build configuration list for PBXProject "CITesting" */ = {
			isa = XCConfigurationList;
			buildConfigurations = (
				C0D5CD0427A17A47001A82E8 /* Debug */,
				C0D5CD0527A17A47001A82E8 /* Release */,
			);
			defaultConfigurationIsVisible = 0;
			defaultConfigurationName = Release;
		};
		C0D5CD0627A17A47001A82E8 /* Build configuration list for PBXNativeTarget "CITesting" */ = {
			isa = XCConfigurationList;
			buildConfigurations = (
				C0D5CD0727A17A47001A82E8 /* Debug */,
				C0D5CD0827A17A47001A82E8 /* Release */,
			);
			defaultConfigurationIsVisible = 0;
			defaultConfigurationName = Release;
		};
		C0D5CD0927A17A47001A82E8 /* Build configuration list for PBXNativeTarget "CITestingTests" */ = {
			isa = XCConfigurationList;
			buildConfigurations = (
				C0D5CD0A27A17A47001A82E8 /* Debug */,
				C0D5CD0B27A17A47001A82E8 /* Release */,
			);
			defaultConfigurationIsVisible = 0;
			defaultConfigurationName = Release;
		};
		C0D5CD0C27A17A47001A82E8 /* Build configuration list for PBXNativeTarget "CITestingUITests" */ = {
			isa = XCConfigurationList;
			buildConfigurations = (
				C0D5CD0D27A17A47001A82E8 /* Debug */,
				C0D5CD0E27A17A47001A82E8 /* Release */,
			);
			defaultConfigurationIsVisible = 0;
			defaultConfigurationName = Release;
		};
/* End XCConfigurationList section */
	};
	rootObject = C0D5CCDA27A17A45001A82E8 /* Project object */;
}
